
Microsoft Visual Studio Solution File, Format Version 12.00
# Visual Studio 15
VisualStudioVersion = 15.0.27703.2035
MinimumVisualStudioVersion = 10.0.40219.1
Project("{FAE04EC0-301F-11D3-BF4B-00C04F79EFBC}") = "Test", "Test\Test.csproj", "{3EE978C3-D174-4838-ADE9-58821E9D61F6}"
EndProject
Global
	GlobalSection(SolutionConfigurationPlatforms) = preSolution
		Debug|Any CPU = Debug|Any CPU
		Release|Any CPU = Release|Any CPU
	EndGlobalSection
	GlobalSection(ProjectConfigurationPlatforms) = postSolution
		{3EE978C3-D174-4838-ADE9-58821E9D61F6}.Debug|Any CPU.ActiveCfg = Debug|Any CPU
		{3EE978C3-D174-4838-ADE9-58821E9D61F6}.Debug|Any CPU.Build.0 = Debug|Any CPU
		{3EE978C3-D174-4838-ADE9-58821E9D61F6}.Release|Any CPU.ActiveCfg = Release|Any CPU
		{3EE978C3-D174-4838-ADE9-58821E9D61F6}.Release|Any CPU.Build.0 = Release|Any CPU
	EndGlobalSection
	GlobalSection(SolutionProperties) = preSolution
		HideSolutionNode = FALSE
	EndGlobalSection
	GlobalSection(ExtensibilityGlobals) = postSolution
		SolutionGuid = {F029F5C6-3887-4324-839E-2C8119DA45C7}
	EndGlobalSection
EndGlobal
